
Microsoft Visual Studio Solution File, Format Version 12.00
# Visual Studio Version 16
VisualStudioVersion = 16.0.31515.178
MinimumVisualStudioVersion = 10.0.40219.1
Project("{FAE04EC0-301F-11D3-BF4B-00C04F79EFBC}") = "ConsoleApp", "ConsoleApp\ConsoleApp.csproj", "{9A056BE1-2B15-400E-95B8-64BD609E494B}"
EndProject
Global
	GlobalSection(SolutionConfigurationPlatforms) = preSolution
		Debug|Any CPU = Debug|Any CPU
		Release|Any CPU = Release|Any CPU
	EndGlobalSection
	GlobalSection(ProjectConfigurationPlatforms) = postSolution
		{9A056BE1-2B15-400E-95B8-64BD609E494B}.Debug|Any CPU.ActiveCfg = Debug|Any CPU
		{9A056BE1-2B15-400E-95B8-64BD609E494B}.Debug|Any CPU.Build.0 = Debug|Any CPU
		{9A056BE1-2B15-400E-95B8-64BD609E494B}.Release|Any CPU.ActiveCfg = Release|Any CPU
		{9A056BE1-2B15-400E-95B8-64BD609E494B}.Release|Any CPU.Build.0 = Release|Any CPU
	EndGlobalSection
	GlobalSection(SolutionProperties) = preSolution
		HideSolutionNode = FALSE
	EndGlobalSection
	GlobalSection(ExtensibilityGlobals) = postSolution
		SolutionGuid = {16669DB5-AC94-422F-B5B8-984291CAE633}
	EndGlobalSection
EndGlobal
